// !$*UTF8*$!
{
	archiveVersion = 1;
	classes = {
	};
	objectVersion = 46;
	objects = {

/* Begin PBXBuildFile section */
		811A802B1F0D4D97003BC36E /* AppDelegate.swift in Sources */ = {isa = PBXBuildFile; fileRef = 811A802A1F0D4D97003BC36E /* AppDelegate.swift */; };
		811A802D1F0D4D97003BC36E /* ViewController.swift in Sources */ = {isa = PBXBuildFile; fileRef = 811A802C1F0D4D97003BC36E /* ViewController.swift */; };
		811A80301F0D4D97003BC36E /* Main.storyboard in Resources */ = {isa = PBXBuildFile; fileRef = 811A802E1F0D4D97003BC36E /* Main.storyboard */; };
		811A80321F0D4D97003BC36E /* Assets.xcassets in Resources */ = {isa = PBXBuildFile; fileRef = 811A80311F0D4D97003BC36E /* Assets.xcassets */; };
		811A80351F0D4D97003BC36E /* LaunchScreen.storyboard in Resources */ = {isa = PBXBuildFile; fileRef = 811A80331F0D4D97003BC36E /* LaunchScreen.storyboard */; };
		8ADDDC411F0EBDFF00632C22 /* MapBG.swift in Sources */ = {isa = PBXBuildFile; fileRef = 8ADDDC401F0EBDFF00632C22 /* MapBG.swift */; };
		8ADDDC431F0ED53500632C22 /* Network.swift in Sources */ = {isa = PBXBuildFile; fileRef = 8ADDDC421F0ED53500632C22 /* Network.swift */; };
		8ADDDC451F0EE93400632C22 /* JsonParser.swift in Sources */ = {isa = PBXBuildFile; fileRef = 8ADDDC441F0EE93400632C22 /* JsonParser.swift */; };
		EC04EFDC206AE289D0887BB8 /* Pods_Hackathon.framework in Frameworks */ = {isa = PBXBuildFile; fileRef = 575F43C38C9C5CA9741D6AF4 /* Pods_Hackathon.framework */; };
/* End PBXBuildFile section */

/* Begin PBXFileReference section */
		43FC9907BB41CEBB54381B51 /* Pods-Hackathon.release.xcconfig */ = {isa = PBXFileReference; includeInIndex = 1; lastKnownFileType = text.xcconfig; name = "Pods-Hackathon.release.xcconfig"; path = "Pods/Target Support Files/Pods-Hackathon/Pods-Hackathon.release.xcconfig"; sourceTree = "<group>"; };
		575F43C38C9C5CA9741D6AF4 /* Pods_Hackathon.framework */ = {isa = PBXFileReference; explicitFileType = wrapper.framework; includeInIndex = 0; path = Pods_Hackathon.framework; sourceTree = BUILT_PRODUCTS_DIR; };
		58F3E488D745CDBE8F8C1EE5 /* Pods-Hackathon.debug.xcconfig */ = {isa = PBXFileReference; includeInIndex = 1; lastKnownFileType = text.xcconfig; name = "Pods-Hackathon.debug.xcconfig"; path = "Pods/Target Support Files/Pods-Hackathon/Pods-Hackathon.debug.xcconfig"; sourceTree = "<group>"; };
		811A80271F0D4D97003BC36E /* Hackathon.app */ = {isa = PBXFileReference; explicitFileType = wrapper.application; includeInIndex = 0; path = Hackathon.app; sourceTree = BUILT_PRODUCTS_DIR; };
		811A802A1F0D4D97003BC36E /* AppDelegate.swift */ = {isa = PBXFileReference; lastKnownFileType = sourcecode.swift; path = AppDelegate.swift; sourceTree = "<group>"; };
		811A802C1F0D4D97003BC36E /* ViewController.swift */ = {isa = PBXFileReference; lastKnownFileType = sourcecode.swift; path = ViewController.swift; sourceTree = "<group>"; };
		811A802F1F0D4D97003BC36E /* Base */ = {isa = PBXFileReference; lastKnownFileType = file.storyboard; name = Base; path = Base.lproj/Main.storyboard; sourceTree = "<group>"; };
		811A80311F0D4D97003BC36E /* Assets.xcassets */ = {isa = PBXFileReference; lastKnownFileType = folder.assetcatalog; path = Assets.xcassets; sourceTree = "<group>"; };
		811A80341F0D4D97003BC36E /* Base */ = {isa = PBXFileReference; lastKnownFileType = file.storyboard; name = Base; path = Base.lproj/LaunchScreen.storyboard; sourceTree = "<group>"; };
		811A80361F0D4D97003BC36E /* Info.plist */ = {isa = PBXFileReference; lastKnownFileType = text.plist.xml; path = Info.plist; sourceTree = "<group>"; };
		8ADDDC401F0EBDFF00632C22 /* MapBG.swift */ = {isa = PBXFileReference; fileEncoding = 4; lastKnownFileType = sourcecode.swift; path = MapBG.swift; sourceTree = "<group>"; };
		8ADDDC421F0ED53500632C22 /* Network.swift */ = {isa = PBXFileReference; fileEncoding = 4; lastKnownFileType = sourcecode.swift; path = Network.swift; sourceTree = "<group>"; };
		8ADDDC441F0EE93400632C22 /* JsonParser.swift */ = {isa = PBXFileReference; fileEncoding = 4; lastKnownFileType = sourcecode.swift; path = JsonParser.swift; sourceTree = "<group>"; };
/* End PBXFileReference section */

/* Begin PBXFrameworksBuildPhase section */
		811A80241F0D4D97003BC36E /* Frameworks */ = {
			isa = PBXFrameworksBuildPhase;
			buildActionMask = 2147483647;
			files = (
				EC04EFDC206AE289D0887BB8 /* Pods_Hackathon.framework in Frameworks */,
			);
			runOnlyForDeploymentPostprocessing = 0;
		};
/* End PBXFrameworksBuildPhase section */

/* Begin PBXGroup section */
		79E93E362FE3FFBB94E35191 /* Pods */ = {
			isa = PBXGroup;
			children = (
				58F3E488D745CDBE8F8C1EE5 /* Pods-Hackathon.debug.xcconfig */,
				43FC9907BB41CEBB54381B51 /* Pods-Hackathon.release.xcconfig */,
			);
			name = Pods;
			sourceTree = "<group>";
		};
		811A801E1F0D4D97003BC36E = {
			isa = PBXGroup;
			children = (
				811A80291F0D4D97003BC36E /* Hackathon */,
				811A80281F0D4D97003BC36E /* Products */,
				79E93E362FE3FFBB94E35191 /* Pods */,
				8E0C3D169781DC7837B41050 /* Frameworks */,
			);
			sourceTree = "<group>";
		};
		811A80281F0D4D97003BC36E /* Products */ = {
			isa = PBXGroup;
			children = (
				811A80271F0D4D97003BC36E /* Hackathon.app */,
			);
			name = Products;
			sourceTree = "<group>";
		};
		811A80291F0D4D97003BC36E /* Hackathon */ = {
			isa = PBXGroup;
			children = (
				811A802A1F0D4D97003BC36E /* AppDelegate.swift */,
				811A802C1F0D4D97003BC36E /* ViewController.swift */,
				8ADDDC401F0EBDFF00632C22 /* MapBG.swift */,
				8ADDDC421F0ED53500632C22 /* Network.swift */,
				8ADDDC441F0EE93400632C22 /* JsonParser.swift */,
				811A802E1F0D4D97003BC36E /* Main.storyboard */,
				811A80311F0D4D97003BC36E /* Assets.xcassets */,
				811A80331F0D4D97003BC36E /* LaunchScreen.storyboard */,
				811A80361F0D4D97003BC36E /* Info.plist */,
			);
			path = Hackathon;
			sourceTree = "<group>";
		};
		8E0C3D169781DC7837B41050 /* Frameworks */ = {
			isa = PBXGroup;
			children = (
				575F43C38C9C5CA9741D6AF4 /* Pods_Hackathon.framework */,
			);
			name = Frameworks;
			sourceTree = "<group>";
		};
/* End PBXGroup section */

/* Begin PBXNativeTarget section */
		811A80261F0D4D97003BC36E /* Hackathon */ = {
			isa = PBXNativeTarget;
			buildConfigurationList = 811A80391F0D4D97003BC36E /* Build configuration list for PBXNativeTarget "Hackathon" */;
			buildPhases = (
				F1F250DDC64C47BE9C606E5A /* [CP] Check Pods Manifest.lock */,
				811A80231F0D4D97003BC36E /* Sources */,
				811A80241F0D4D97003BC36E /* Frameworks */,
				811A80251F0D4D97003BC36E /* Resources */,
				60BD51953D402CC594C0BE43 /* [CP] Embed Pods Frameworks */,
				8E59DB748159A3E4A1B67760 /* [CP] Copy Pods Resources */,
			);
			buildRules = (
			);
			dependencies = (
			);
			name = Hackathon;
			productName = Hackathon;
			productReference = 811A80271F0D4D97003BC36E /* Hackathon.app */;
			productType = "com.apple.product-type.application";
		};
/* End PBXNativeTarget section */

/* Begin PBXProject section */
		811A801F1F0D4D97003BC36E /* Project object */ = {
			isa = PBXProject;
			attributes = {
				LastSwiftUpdateCheck = 0830;
				LastUpgradeCheck = 0830;
				ORGANIZATIONNAME = "Connar Wang";
				TargetAttributes = {
					811A80261F0D4D97003BC36E = {
						CreatedOnToolsVersion = 8.3.3;
						ProvisioningStyle = Automatic;
					};
				};
			};
			buildConfigurationList = 811A80221F0D4D97003BC36E /* Build configuration list for PBXProject "Hackathon" */;
			compatibilityVersion = "Xcode 3.2";
			developmentRegion = English;
			hasScannedForEncodings = 0;
			knownRegions = (
				en,
				Base,
			);
			mainGroup = 811A801E1F0D4D97003BC36E;
			productRefGroup = 811A80281F0D4D97003BC36E /* Products */;
			projectDirPath = "";
			projectRoot = "";
			targets = (
				811A80261F0D4D97003BC36E /* Hackathon */,
			);
		};
/* End PBXProject section */

/* Begin PBXResourcesBuildPhase section */
		811A80251F0D4D97003BC36E /* Resources */ = {
			isa = PBXResourcesBuildPhase;
			buildActionMask = 2147483647;
			files = (
				811A80351F0D4D97003BC36E /* LaunchScreen.storyboard in Resources */,
				811A80321F0D4D97003BC36E /* Assets.xcassets in Resources */,
				811A80301F0D4D97003BC36E /* Main.storyboard in Resources */,
			);
			runOnlyForDeploymentPostprocessing = 0;
		};
/* End PBXResourcesBuildPhase section */

/* Begin PBXShellScriptBuildPhase section */
		60BD51953D402CC594C0BE43 /* [CP] Embed Pods Frameworks */ = {
			isa = PBXShellScriptBuildPhase;
			buildActionMask = 2147483647;
			files = (
			);
			inputPaths = (
			);
			name = "[CP] Embed Pods Frameworks";
			outputPaths = (
			);
			runOnlyForDeploymentPostprocessing = 0;
			shellPath = /bin/sh;
			shellScript = "\"${SRCROOT}/Pods/Target Support Files/Pods-Hackathon/Pods-Hackathon-frameworks.sh\"\n";
			showEnvVarsInLog = 0;
		};
		8E59DB748159A3E4A1B67760 /* [CP] Copy Pods Resources */ = {
			isa = PBXShellScriptBuildPhase;
			buildActionMask = 2147483647;
			files = (
			);
			inputPaths = (
			);
			name = "[CP] Copy Pods Resources";
			outputPaths = (
			);
			runOnlyForDeploymentPostprocessing = 0;
			shellPath = /bin/sh;
			shellScript = "\"${SRCROOT}/Pods/Target Support Files/Pods-Hackathon/Pods-Hackathon-resources.sh\"\n";
			showEnvVarsInLog = 0;
		};
		F1F250DDC64C47BE9C606E5A /* [CP] Check Pods Manifest.lock */ = {
			isa = PBXShellScriptBuildPhase;
			buildActionMask = 2147483647;
			files = (
			);
			inputPaths = (
			);
			name = "[CP] Check Pods Manifest.lock";
			outputPaths = (
			);
			runOnlyForDeploymentPostprocessing = 0;
			shellPath = /bin/sh;
			shellScript = "diff \"${PODS_PODFILE_DIR_PATH}/Podfile.lock\" \"${PODS_ROOT}/Manifest.lock\" > /dev/null\nif [ $? != 0 ] ; then\n    # print error to STDERR\n    echo \"error: The sandbox is not in sync with the Podfile.lock. Run 'pod install' or update your CocoaPods installation.\" >&2\n    exit 1\nfi\n";
			showEnvVarsInLog = 0;
		};
/* End PBXShellScriptBuildPhase section */

/* Begin PBXSourcesBuildPhase section */
		811A80231F0D4D97003BC36E /* Sources */ = {
			isa = PBXSourcesBuildPhase;
			buildActionMask = 2147483647;
			files = (
				811A802D1F0D4D97003BC36E /* ViewController.swift in Sources */,
				8ADDDC451F0EE93400632C22 /* JsonParser.swift in Sources */,
				8ADDDC411F0EBDFF00632C22 /* MapBG.swift in Sources */,
				8ADDDC431F0ED53500632C22 /* Network.swift in Sources */,
				811A802B1F0D4D97003BC36E /* AppDelegate.swift in Sources */,
			);
			runOnlyForDeploymentPostprocessing = 0;
		};
/* End PBXSourcesBuildPhase section */

/* Begin PBXVariantGroup section */
		811A802E1F0D4D97003BC36E /* Main.storyboard */ = {
			isa = PBXVariantGroup;
			children = (
				811A802F1F0D4D97003BC36E /* Base */,
			);
			name = Main.storyboard;
			sourceTree = "<group>";
		};
		811A80331F0D4D97003BC36E /* LaunchScreen.storyboard */ = {
			isa = PBXVariantGroup;
			children = (
				811A80341F0D4D97003BC36E /* Base */,
			);
			name = LaunchScreen.storyboard;
			sourceTree = "<group>";
		};
/* End PBXVariantGroup section */

/* Begin XCBuildConfiguration section */
		811A80371F0D4D97003BC36E /* Debug */ = {
			isa = XCBuildConfiguration;
			buildSettings = {
				ALWAYS_SEARCH_USER_PATHS = NO;
				CLANG_ANALYZER_NONNULL = YES;
				CLANG_ANALYZER_NUMBER_OBJECT_CONVERSION = YES_AGGRESSIVE;
				CLANG_CXX_LANGUAGE_STANDARD = "gnu++0x";
				CLANG_CXX_LIBRARY = "libc++";
				CLANG_ENABLE_MODULES = YES;
				CLANG_ENABLE_OBJC_ARC = YES;
				CLANG_WARN_BOOL_CONVERSION = YES;
				CLANG_WARN_CONSTANT_CONVERSION = YES;
				CLANG_WARN_DIRECT_OBJC_ISA_USAGE = YES_ERROR;
				CLANG_WARN_DOCUMENTATION_COMMENTS = YES;
				CLANG_WARN_EMPTY_BODY = YES;
				CLANG_WARN_ENUM_CONVERSION = YES;
				CLANG_WARN_INFINITE_RECURSION = YES;
				CLANG_WARN_INT_CONVERSION = YES;
				CLANG_WARN_OBJC_ROOT_CLASS = YES_ERROR;
				CLANG_WARN_SUSPICIOUS_MOVE = YES;
				CLANG_WARN_UNREACHABLE_CODE = YES;
				CLANG_WARN__DUPLICATE_METHOD_MATCH = YES;
				"CODE_SIGN_IDENTITY[sdk=iphoneos*]" = "iPhone Developer";
				COPY_PHASE_STRIP = NO;
				DEBUG_INFORMATION_FORMAT = dwarf;
				ENABLE_STRICT_OBJC_MSGSEND = YES;
				ENABLE_TESTABILITY = YES;
				GCC_C_LANGUAGE_STANDARD = gnu99;
				GCC_DYNAMIC_NO_PIC = NO;
				GCC_NO_COMMON_BLOCKS = YES;
				GCC_OPTIMIZATION_LEVEL = 0;
				GCC_PREPROCESSOR_DEFINITIONS = (
					"DEBUG=1",
					"$(inherited)",
				);
				GCC_WARN_64_TO_32_BIT_CONVERSION = YES;
				GCC_WARN_ABOUT_RETURN_TYPE = YES_ERROR;
				GCC_WARN_UNDECLARED_SELECTOR = YES;
				GCC_WARN_UNINITIALIZED_AUTOS = YES_AGGRESSIVE;
				GCC_WARN_UNUSED_FUNCTION = YES;
				GCC_WARN_UNUSED_VARIABLE = YES;
				IPHONEOS_DEPLOYMENT_TARGET = 10.3;
				MTL_ENABLE_DEBUG_INFO = YES;
				ONLY_ACTIVE_ARCH = YES;
				SDKROOT = iphoneos;
				SWIFT_ACTIVE_COMPILATION_CONDITIONS = DEBUG;
				SWIFT_OPTIMIZATION_LEVEL = "-Onone";
			};
			name = Debug;
		};
		811A80381F0D4D97003BC36E /* Release */ = {
			isa = XCBuildConfiguration;
			buildSettings = {
				ALWAYS_SEARCH_USER_PATHS = NO;
				CLANG_ANALYZER_NONNULL = YES;
				CLANG_ANALYZER_NUMBER_OBJECT_CONVERSION = YES_AGGRESSIVE;
				CLANG_CXX_LANGUAGE_STANDARD = "gnu++0x";
				CLANG_CXX_LIBRARY = "libc++";
				CLANG_ENABLE_MODULES = YES;
				CLANG_ENABLE_OBJC_ARC = YES;
				CLANG_WARN_BOOL_CONVERSION = YES;
				CLANG_WARN_CONSTANT_CONVERSION = YES;
				CLANG_WARN_DIRECT_OBJC_ISA_USAGE = YES_ERROR;
				CLANG_WARN_DOCUMENTATION_COMMENTS = YES;
				CLANG_WARN_EMPTY_BODY = YES;
				CLANG_WARN_ENUM_CONVERSION = YES;
				CLANG_WARN_INFINITE_RECURSION = YES;
				CLANG_WARN_INT_CONVERSION = YES;
				CLANG_WARN_OBJC_ROOT_CLASS = YES_ERROR;
				CLANG_WARN_SUSPICIOUS_MOVE = YES;
				CLANG_WARN_UNREACHABLE_CODE = YES;
				CLANG_WARN__DUPLICATE_METHOD_MATCH = YES;
				"CODE_SIGN_IDENTITY[sdk=iphoneos*]" = "iPhone Developer";
				COPY_PHASE_STRIP = NO;
				DEBUG_INFORMATION_FORMAT = "dwarf-with-dsym";
				ENABLE_NS_ASSERTIONS = NO;
				ENABLE_STRICT_OBJC_MSGSEND = YES;
				GCC_C_LANGUAGE_STANDARD = gnu99;
				GCC_NO_COMMON_BLOCKS = YES;
				GCC_WARN_64_TO_32_BIT_CONVERSION = YES;
				GCC_WARN_ABOUT_RETURN_TYPE = YES_ERROR;
				GCC_WARN_UNDECLARED_SELECTOR = YES;
				GCC_WARN_UNINITIALIZED_AUTOS = YES_AGGRESSIVE;
				GCC_WARN_UNUSED_FUNCTION = YES;
				GCC_WARN_UNUSED_VARIABLE = YES;
				IPHONEOS_DEPLOYMENT_TARGET = 10.3;
				MTL_ENABLE_DEBUG_INFO = NO;
				SDKROOT = iphoneos;
				SWIFT_OPTIMIZATION_LEVEL = "-Owholemodule";
				VALIDATE_PRODUCT = YES;
			};
			name = Release;
		};
		811A803A1F0D4D97003BC36E /* Debug */ = {
			isa = XCBuildConfiguration;
			baseConfigurationReference = 58F3E488D745CDBE8F8C1EE5 /* Pods-Hackathon.debug.xcconfig */;
			buildSettings = {
				ASSETCATALOG_COMPILER_APPICON_NAME = AppIcon;
				INFOPLIST_FILE = Hackathon/Info.plist;
				LD_RUNPATH_SEARCH_PATHS = "$(inherited) @executable_path/Frameworks";
				PRODUCT_BUNDLE_IDENTIFIER = none.Hackathon;
				PRODUCT_NAME = "$(TARGET_NAME)";
				SWIFT_VERSION = 3.0;
			};
			name = Debug;
		};
		811A803B1F0D4D97003BC36E /* Release */ = {
			isa = XCBuildConfiguration;
			baseConfigurationReference = 43FC9907BB41CEBB54381B51 /* Pods-Hackathon.release.xcconfig */;
			buildSettings = {
				ASSETCATALOG_COMPILER_APPICON_NAME = AppIcon;
				INFOPLIST_FILE = Hackathon/Info.plist;
				LD_RUNPATH_SEARCH_PATHS = "$(inherited) @executable_path/Frameworks";
				PRODUCT_BUNDLE_IDENTIFIER = none.Hackathon;
				PRODUCT_NAME = "$(TARGET_NAME)";
				SWIFT_VERSION = 3.0;
			};
			name = Release;
		};
/* End XCBuildConfiguration section */

/* Begin XCConfigurationList section */
		811A80221F0D4D97003BC36E /* Build configuration list for PBXProject "Hackathon" */ = {
			isa = XCConfigurationList;
			buildConfigurations = (
				811A80371F0D4D97003BC36E /* Debug */,
				811A80381F0D4D97003BC36E /* Release */,
			);
			defaultConfigurationIsVisible = 0;
			defaultConfigurationName = Release;
		};
		811A80391F0D4D97003BC36E /* Build configuration list for PBXNativeTarget "Hackathon" */ = {
			isa = XCConfigurationList;
			buildConfigurations = (
				811A803A1F0D4D97003BC36E /* Debug */,
				811A803B1F0D4D97003BC36E /* Release */,
			);
			defaultConfigurationIsVisible = 0;
			defaultConfigurationName = Release;
		};
/* End XCConfigurationList section */
	};
	rootObject = 811A801F1F0D4D97003BC36E /* Project object */;
}
